# Prisma Migrate lockfile v1

20200828083721-init
20200901032709-add-username--password
20201024073529-create-reset-token
20201027092337-is-active
20201027095013-verification-token
20201027095219-change-verification-token
20201027101432-verification-token-1-n
20201105092203-remove-username
20201105093854-google-id--github-id
20201105094432-password
20201105094553-
20201106020125-avata----avatar
20201106024249-github-id-to-string
20201111080346-passwordless
20201111090648-refresh-token
20201117054455-sh-token
20201117054744-make-refresh-token-notnull
20201125095220
20201127070830-test-migrate
20201127070924-restore-test
20201127114002
20201127114024-github-profile-url----github-url
20201201034056-remove-unuse-model